
Microsoft Visual Studio Solution File, Format Version 12.00
# Visual Studio Version 17
VisualStudioVersion = 17.1.32210.238
MinimumVisualStudioVersion = 10.0.40219.1
Project("{FAE04EC0-301F-11D3-BF4B-00C04F79EFBC}") = "blibio", "blibio\blibio.csproj", "{33F1424F-4728-4CF5-AC91-A5F2CEE4F0E7}"
EndProject
Global
	GlobalSection(SolutionConfigurationPlatforms) = preSolution
		Debug|Any CPU = Debug|Any CPU
		Release|Any CPU = Release|Any CPU
	EndGlobalSection
	GlobalSection(ProjectConfigurationPlatforms) = postSolution
		{33F1424F-4728-4CF5-AC91-A5F2CEE4F0E7}.Debug|Any CPU.ActiveCfg = Debug|Any CPU
		{33F1424F-4728-4CF5-AC91-A5F2CEE4F0E7}.Debug|Any CPU.Build.0 = Debug|Any CPU
		{33F1424F-4728-4CF5-AC91-A5F2CEE4F0E7}.Release|Any CPU.ActiveCfg = Release|Any CPU
		{33F1424F-4728-4CF5-AC91-A5F2CEE4F0E7}.Release|Any CPU.Build.0 = Release|Any CPU
	EndGlobalSection
	GlobalSection(SolutionProperties) = preSolution
		HideSolutionNode = FALSE
	EndGlobalSection
	GlobalSection(ExtensibilityGlobals) = postSolution
		SolutionGuid = {8551746C-7D08-4A80-9252-3344191062E0}
	EndGlobalSection
EndGlobal
